{
  "name": "popup-demo",
  "version": "1.0.0",
  "lockfileVersion": 1,
  "requires": true,
  "dependencies": {
    "@types/arcgis-js-api": {
      "version": "4.14.0",
      "resolved": "https://registry.npmjs.org/@types/arcgis-js-api/-/arcgis-js-api-4.14.0.tgz",
      "integrity": "sha512-TGOfVtEpC5mIVqHwZRGS2OLx8D47AsPfUgDw/Z4IdTOOjMY+7/Hd25mu8xPkoEYNKy88jFYD/7eUIZWDBPUvKQ==",
      "dev": true
    },
    "typescript": {
      "version": "3.8.2",
      "resolved": "https://registry.npmjs.org/typescript/-/typescript-3.8.2.tgz",
      "integrity": "sha512-EgOVgL/4xfVrCMbhYKUQTdF37SQn4Iw73H5BgCrF1Abdun7Kwy/QZsE/ssAy0y4LxBbvua3PIbFsbRczWWnDdQ==",
      "dev": true
    }
  }
}
